
Microsoft Visual Studio Solution File, Format Version 12.00
# Visual Studio 15
VisualStudioVersion = 15.0.27130.2036
MinimumVisualStudioVersion = 10.0.40219.1
Project("{FAE04EC0-301F-11D3-BF4B-00C04F79EFBC}") = "PresentacionWebForms", "PresentacionWebForms\PresentacionWebForms.csproj", "{732C8CE5-90D9-43F4-955F-8A79249D8FA1}"
EndProject
Project("{FAE04EC0-301F-11D3-BF4B-00C04F79EFBC}") = "Entidades", "Entidades\Entidades.csproj", "{BB061B34-57D4-420E-9BD9-0C4366864A76}"
EndProject
Global
	GlobalSection(SolutionConfigurationPlatforms) = preSolution
		Debug|Any CPU = Debug|Any CPU
		Release|Any CPU = Release|Any CPU
	EndGlobalSection
	GlobalSection(ProjectConfigurationPlatforms) = postSolution
		{732C8CE5-90D9-43F4-955F-8A79249D8FA1}.Debug|Any CPU.ActiveCfg = Debug|Any CPU
		{732C8CE5-90D9-43F4-955F-8A79249D8FA1}.Debug|Any CPU.Build.0 = Debug|Any CPU
		{732C8CE5-90D9-43F4-955F-8A79249D8FA1}.Release|Any CPU.ActiveCfg = Release|Any CPU
		{732C8CE5-90D9-43F4-955F-8A79249D8FA1}.Release|Any CPU.Build.0 = Release|Any CPU
		{BB061B34-57D4-420E-9BD9-0C4366864A76}.Debug|Any CPU.ActiveCfg = Debug|Any CPU
		{BB061B34-57D4-420E-9BD9-0C4366864A76}.Debug|Any CPU.Build.0 = Debug|Any CPU
		{BB061B34-57D4-420E-9BD9-0C4366864A76}.Release|Any CPU.ActiveCfg = Release|Any CPU
		{BB061B34-57D4-420E-9BD9-0C4366864A76}.Release|Any CPU.Build.0 = Release|Any CPU
	EndGlobalSection
	GlobalSection(SolutionProperties) = preSolution
		HideSolutionNode = FALSE
	EndGlobalSection
	GlobalSection(ExtensibilityGlobals) = postSolution
		SolutionGuid = {8D22B7A3-D08F-429F-964B-D40E18A3556D}
	EndGlobalSection
EndGlobal
